
Microsoft Visual Studio Solution File, Format Version 12.00
# Visual Studio 2012
Project("{FAE04EC0-301F-11D3-BF4B-00C04F79EFBC}") = "Lisa.Bioshock", "Lisa.Bioshock\Lisa.Bioshock.csproj", "{7D11ADED-C748-42F0-9F5D-B118003F9160}"
EndProject
Project("{FAE04EC0-301F-11D3-BF4B-00C04F79EFBC}") = "Lisa.Bioshock.Models", "Lisa.Bioshock.Models\Lisa.Bioshock.Models.csproj", "{7190A8C8-7EB8-4F4E-81B7-0FCBDB3AFD4C}"
EndProject
Project("{FAE04EC0-301F-11D3-BF4B-00C04F79EFBC}") = "Lisa.Storage", "Lisa.Storage\Lisa.Storage.csproj", "{811DF7A6-297F-4836-80FD-DA0BAC7A169B}"
EndProject
Project("{CC5FD16D-436D-48AD-A40C-5A424C6E3E79}") = "Lisa.CloudService", "Lisa.CloudService\Lisa.CloudService.ccproj", "{895E6913-CB12-4B9A-809E-4011BFFC3EC0}"
EndProject
Global
	GlobalSection(SolutionConfigurationPlatforms) = preSolution
		Debug|Any CPU = Debug|Any CPU
		Release|Any CPU = Release|Any CPU
	EndGlobalSection
	GlobalSection(ProjectConfigurationPlatforms) = postSolution
		{7D11ADED-C748-42F0-9F5D-B118003F9160}.Debug|Any CPU.ActiveCfg = Debug|Any CPU
		{7D11ADED-C748-42F0-9F5D-B118003F9160}.Debug|Any CPU.Build.0 = Debug|Any CPU
		{7D11ADED-C748-42F0-9F5D-B118003F9160}.Release|Any CPU.ActiveCfg = Release|Any CPU
		{7D11ADED-C748-42F0-9F5D-B118003F9160}.Release|Any CPU.Build.0 = Release|Any CPU
		{7190A8C8-7EB8-4F4E-81B7-0FCBDB3AFD4C}.Debug|Any CPU.ActiveCfg = Debug|Any CPU
		{7190A8C8-7EB8-4F4E-81B7-0FCBDB3AFD4C}.Debug|Any CPU.Build.0 = Debug|Any CPU
		{7190A8C8-7EB8-4F4E-81B7-0FCBDB3AFD4C}.Release|Any CPU.ActiveCfg = Release|Any CPU
		{7190A8C8-7EB8-4F4E-81B7-0FCBDB3AFD4C}.Release|Any CPU.Build.0 = Release|Any CPU
		{811DF7A6-297F-4836-80FD-DA0BAC7A169B}.Debug|Any CPU.ActiveCfg = Debug|Any CPU
		{811DF7A6-297F-4836-80FD-DA0BAC7A169B}.Debug|Any CPU.Build.0 = Debug|Any CPU
		{811DF7A6-297F-4836-80FD-DA0BAC7A169B}.Release|Any CPU.ActiveCfg = Release|Any CPU
		{811DF7A6-297F-4836-80FD-DA0BAC7A169B}.Release|Any CPU.Build.0 = Release|Any CPU
		{895E6913-CB12-4B9A-809E-4011BFFC3EC0}.Debug|Any CPU.ActiveCfg = Debug|Any CPU
		{895E6913-CB12-4B9A-809E-4011BFFC3EC0}.Debug|Any CPU.Build.0 = Debug|Any CPU
		{895E6913-CB12-4B9A-809E-4011BFFC3EC0}.Release|Any CPU.ActiveCfg = Release|Any CPU
		{895E6913-CB12-4B9A-809E-4011BFFC3EC0}.Release|Any CPU.Build.0 = Release|Any CPU
	EndGlobalSection
	GlobalSection(SolutionProperties) = preSolution
		HideSolutionNode = FALSE
	EndGlobalSection
EndGlobal
