
Microsoft Visual Studio Solution File, Format Version 12.00
# Visual Studio 2012
Project("{FAE04EC0-301F-11D3-BF4B-00C04F79EFBC}") = "Lisa.Bioshock", "Lisa.Bioshock\Lisa.Bioshock.csproj", "{7D11ADED-C748-42F0-9F5D-B118003F9160}"
EndProject
Project("{FAE04EC0-301F-11D3-BF4B-00C04F79EFBC}") = "Lisa.Daggerfall.Languages", "Lisa.Daggerfall.Languages\Lisa.Daggerfall.Languages.csproj", "{4E321FC5-8215-4A13-956F-9475BF7786EA}"
EndProject
Project("{FAE04EC0-301F-11D3-BF4B-00C04F79EFBC}") = "Lisa.Skyrim", "Lisa.Skyrim\Lisa.Skyrim.csproj", "{EBA9E2D9-E029-4975-8F2D-08BCB9B8335B}"
EndProject
Project("{FAE04EC0-301F-11D3-BF4B-00C04F79EFBC}") = "Lisa.Skyrim.Languages", "Lisa.Skyrim.Languages\Lisa.Skyrim.Languages.csproj", "{7FA170A3-8EEE-4CE7-85C0-D6890CC3D4FF}"
EndProject
Project("{FAE04EC0-301F-11D3-BF4B-00C04F79EFBC}") = "Lisa.Checkers", "Lisa.Checkers\Lisa.Checkers.csproj", "{EB2833FF-7FF8-44E8-AF04-8BFF1CFA6DAE}"
EndProject
Project("{FAE04EC0-301F-11D3-BF4B-00C04F79EFBC}") = "Lisa.Daggerfall", "Lisa.Daggerfall\Lisa.Daggerfall.csproj", "{F6B25977-E139-4C93-B0CB-92744615A291}"
EndProject
Project("{FAE04EC0-301F-11D3-BF4B-00C04F79EFBC}") = "Lisa.Storage.FileSystem", "Lisa.Storage.FileSystem\Lisa.Storage.FileSystem.csproj", "{7971748A-8148-485A-BEE2-7CC1A2A4E54B}"
EndProject
Global
	GlobalSection(SolutionConfigurationPlatforms) = preSolution
		Debug|Any CPU = Debug|Any CPU
		Debug|Mixed Platforms = Debug|Mixed Platforms
		Debug|x64 = Debug|x64
		Debug|x86 = Debug|x86
		Release|Any CPU = Release|Any CPU
		Release|Mixed Platforms = Release|Mixed Platforms
		Release|x64 = Release|x64
		Release|x86 = Release|x86
	EndGlobalSection
	GlobalSection(ProjectConfigurationPlatforms) = postSolution
		{7D11ADED-C748-42F0-9F5D-B118003F9160}.Debug|Any CPU.ActiveCfg = Debug|Any CPU
		{7D11ADED-C748-42F0-9F5D-B118003F9160}.Debug|Any CPU.Build.0 = Debug|Any CPU
		{7D11ADED-C748-42F0-9F5D-B118003F9160}.Debug|Mixed Platforms.ActiveCfg = Debug|Any CPU
		{7D11ADED-C748-42F0-9F5D-B118003F9160}.Debug|Mixed Platforms.Build.0 = Debug|Any CPU
		{7D11ADED-C748-42F0-9F5D-B118003F9160}.Debug|x64.ActiveCfg = Debug|Any CPU
		{7D11ADED-C748-42F0-9F5D-B118003F9160}.Debug|x64.Build.0 = Debug|Any CPU
		{7D11ADED-C748-42F0-9F5D-B118003F9160}.Debug|x86.ActiveCfg = Debug|Any CPU
		{7D11ADED-C748-42F0-9F5D-B118003F9160}.Release|Any CPU.ActiveCfg = Release|Any CPU
		{7D11ADED-C748-42F0-9F5D-B118003F9160}.Release|Any CPU.Build.0 = Release|Any CPU
		{7D11ADED-C748-42F0-9F5D-B118003F9160}.Release|Mixed Platforms.ActiveCfg = Release|Any CPU
		{7D11ADED-C748-42F0-9F5D-B118003F9160}.Release|Mixed Platforms.Build.0 = Release|Any CPU
		{7D11ADED-C748-42F0-9F5D-B118003F9160}.Release|x64.ActiveCfg = Release|Any CPU
		{7D11ADED-C748-42F0-9F5D-B118003F9160}.Release|x86.ActiveCfg = Release|Any CPU
		{4E321FC5-8215-4A13-956F-9475BF7786EA}.Debug|Any CPU.ActiveCfg = Debug|Any CPU
		{4E321FC5-8215-4A13-956F-9475BF7786EA}.Debug|Any CPU.Build.0 = Debug|Any CPU
		{4E321FC5-8215-4A13-956F-9475BF7786EA}.Debug|Mixed Platforms.ActiveCfg = Debug|Any CPU
		{4E321FC5-8215-4A13-956F-9475BF7786EA}.Debug|Mixed Platforms.Build.0 = Debug|Any CPU
		{4E321FC5-8215-4A13-956F-9475BF7786EA}.Debug|x64.ActiveCfg = Debug|Any CPU
		{4E321FC5-8215-4A13-956F-9475BF7786EA}.Debug|x64.Build.0 = Debug|Any CPU
		{4E321FC5-8215-4A13-956F-9475BF7786EA}.Debug|x86.ActiveCfg = Debug|Any CPU
		{4E321FC5-8215-4A13-956F-9475BF7786EA}.Release|Any CPU.ActiveCfg = Release|Any CPU
		{4E321FC5-8215-4A13-956F-9475BF7786EA}.Release|Any CPU.Build.0 = Release|Any CPU
		{4E321FC5-8215-4A13-956F-9475BF7786EA}.Release|Mixed Platforms.ActiveCfg = Release|Any CPU
		{4E321FC5-8215-4A13-956F-9475BF7786EA}.Release|Mixed Platforms.Build.0 = Release|Any CPU
		{4E321FC5-8215-4A13-956F-9475BF7786EA}.Release|x64.ActiveCfg = Release|Any CPU
		{4E321FC5-8215-4A13-956F-9475BF7786EA}.Release|x86.ActiveCfg = Release|Any CPU
		{EBA9E2D9-E029-4975-8F2D-08BCB9B8335B}.Debug|Any CPU.ActiveCfg = Debug|x86
		{EBA9E2D9-E029-4975-8F2D-08BCB9B8335B}.Debug|Any CPU.Build.0 = Debug|x86
		{EBA9E2D9-E029-4975-8F2D-08BCB9B8335B}.Debug|Mixed Platforms.ActiveCfg = Debug|x86
		{EBA9E2D9-E029-4975-8F2D-08BCB9B8335B}.Debug|Mixed Platforms.Build.0 = Debug|x86
		{EBA9E2D9-E029-4975-8F2D-08BCB9B8335B}.Debug|x64.ActiveCfg = Debug|x86
		{EBA9E2D9-E029-4975-8F2D-08BCB9B8335B}.Debug|x64.Build.0 = Debug|x86
		{EBA9E2D9-E029-4975-8F2D-08BCB9B8335B}.Debug|x86.ActiveCfg = Debug|x86
		{EBA9E2D9-E029-4975-8F2D-08BCB9B8335B}.Debug|x86.Build.0 = Debug|x86
		{EBA9E2D9-E029-4975-8F2D-08BCB9B8335B}.Release|Any CPU.ActiveCfg = Release|x86
		{EBA9E2D9-E029-4975-8F2D-08BCB9B8335B}.Release|Mixed Platforms.ActiveCfg = Release|x86
		{EBA9E2D9-E029-4975-8F2D-08BCB9B8335B}.Release|Mixed Platforms.Build.0 = Release|x86
		{EBA9E2D9-E029-4975-8F2D-08BCB9B8335B}.Release|x64.ActiveCfg = Release|x86
		{EBA9E2D9-E029-4975-8F2D-08BCB9B8335B}.Release|x86.ActiveCfg = Release|x86
		{EBA9E2D9-E029-4975-8F2D-08BCB9B8335B}.Release|x86.Build.0 = Release|x86
		{7FA170A3-8EEE-4CE7-85C0-D6890CC3D4FF}.Debug|Any CPU.ActiveCfg = Debug|Any CPU
		{7FA170A3-8EEE-4CE7-85C0-D6890CC3D4FF}.Debug|Any CPU.Build.0 = Debug|Any CPU
		{7FA170A3-8EEE-4CE7-85C0-D6890CC3D4FF}.Debug|Mixed Platforms.ActiveCfg = Debug|Any CPU
		{7FA170A3-8EEE-4CE7-85C0-D6890CC3D4FF}.Debug|Mixed Platforms.Build.0 = Debug|Any CPU
		{7FA170A3-8EEE-4CE7-85C0-D6890CC3D4FF}.Debug|x64.ActiveCfg = Debug|Any CPU
		{7FA170A3-8EEE-4CE7-85C0-D6890CC3D4FF}.Debug|x64.Build.0 = Debug|Any CPU
		{7FA170A3-8EEE-4CE7-85C0-D6890CC3D4FF}.Debug|x86.ActiveCfg = Debug|Any CPU
		{7FA170A3-8EEE-4CE7-85C0-D6890CC3D4FF}.Release|Any CPU.ActiveCfg = Release|Any CPU
		{7FA170A3-8EEE-4CE7-85C0-D6890CC3D4FF}.Release|Any CPU.Build.0 = Release|Any CPU
		{7FA170A3-8EEE-4CE7-85C0-D6890CC3D4FF}.Release|Mixed Platforms.ActiveCfg = Release|Any CPU
		{7FA170A3-8EEE-4CE7-85C0-D6890CC3D4FF}.Release|Mixed Platforms.Build.0 = Release|Any CPU
		{7FA170A3-8EEE-4CE7-85C0-D6890CC3D4FF}.Release|x64.ActiveCfg = Release|Any CPU
		{7FA170A3-8EEE-4CE7-85C0-D6890CC3D4FF}.Release|x86.ActiveCfg = Release|Any CPU
		{EB2833FF-7FF8-44E8-AF04-8BFF1CFA6DAE}.Debug|Any CPU.ActiveCfg = Debug|Any CPU
		{EB2833FF-7FF8-44E8-AF04-8BFF1CFA6DAE}.Debug|Any CPU.Build.0 = Debug|Any CPU
		{EB2833FF-7FF8-44E8-AF04-8BFF1CFA6DAE}.Debug|Mixed Platforms.ActiveCfg = Debug|Any CPU
		{EB2833FF-7FF8-44E8-AF04-8BFF1CFA6DAE}.Debug|Mixed Platforms.Build.0 = Debug|Any CPU
		{EB2833FF-7FF8-44E8-AF04-8BFF1CFA6DAE}.Debug|x64.ActiveCfg = Debug|Any CPU
		{EB2833FF-7FF8-44E8-AF04-8BFF1CFA6DAE}.Debug|x64.Build.0 = Debug|Any CPU
		{EB2833FF-7FF8-44E8-AF04-8BFF1CFA6DAE}.Debug|x86.ActiveCfg = Debug|Any CPU
		{EB2833FF-7FF8-44E8-AF04-8BFF1CFA6DAE}.Release|Any CPU.ActiveCfg = Release|Any CPU
		{EB2833FF-7FF8-44E8-AF04-8BFF1CFA6DAE}.Release|Any CPU.Build.0 = Release|Any CPU
		{EB2833FF-7FF8-44E8-AF04-8BFF1CFA6DAE}.Release|Mixed Platforms.ActiveCfg = Release|Any CPU
		{EB2833FF-7FF8-44E8-AF04-8BFF1CFA6DAE}.Release|Mixed Platforms.Build.0 = Release|Any CPU
		{EB2833FF-7FF8-44E8-AF04-8BFF1CFA6DAE}.Release|x64.ActiveCfg = Release|Any CPU
		{EB2833FF-7FF8-44E8-AF04-8BFF1CFA6DAE}.Release|x86.ActiveCfg = Release|Any CPU
		{F6B25977-E139-4C93-B0CB-92744615A291}.Debug|Any CPU.ActiveCfg = Debug|x86
		{F6B25977-E139-4C93-B0CB-92744615A291}.Debug|Any CPU.Build.0 = Debug|x86
		{F6B25977-E139-4C93-B0CB-92744615A291}.Debug|Mixed Platforms.ActiveCfg = Debug|x86
		{F6B25977-E139-4C93-B0CB-92744615A291}.Debug|Mixed Platforms.Build.0 = Debug|x86
		{F6B25977-E139-4C93-B0CB-92744615A291}.Debug|x64.ActiveCfg = Debug|x86
		{F6B25977-E139-4C93-B0CB-92744615A291}.Debug|x64.Build.0 = Debug|x86
		{F6B25977-E139-4C93-B0CB-92744615A291}.Debug|x86.ActiveCfg = Debug|x86
		{F6B25977-E139-4C93-B0CB-92744615A291}.Debug|x86.Build.0 = Debug|x86
		{F6B25977-E139-4C93-B0CB-92744615A291}.Release|Any CPU.ActiveCfg = Release|x86
		{F6B25977-E139-4C93-B0CB-92744615A291}.Release|Mixed Platforms.ActiveCfg = Release|x86
		{F6B25977-E139-4C93-B0CB-92744615A291}.Release|Mixed Platforms.Build.0 = Release|x86
		{F6B25977-E139-4C93-B0CB-92744615A291}.Release|x64.ActiveCfg = Release|x86
		{F6B25977-E139-4C93-B0CB-92744615A291}.Release|x86.ActiveCfg = Release|x86
		{F6B25977-E139-4C93-B0CB-92744615A291}.Release|x86.Build.0 = Release|x86
		{7971748A-8148-485A-BEE2-7CC1A2A4E54B}.Debug|Any CPU.ActiveCfg = Debug|Any CPU
		{7971748A-8148-485A-BEE2-7CC1A2A4E54B}.Debug|Any CPU.Build.0 = Debug|Any CPU
		{7971748A-8148-485A-BEE2-7CC1A2A4E54B}.Debug|Mixed Platforms.ActiveCfg = Debug|Any CPU
		{7971748A-8148-485A-BEE2-7CC1A2A4E54B}.Debug|Mixed Platforms.Build.0 = Debug|Any CPU
		{7971748A-8148-485A-BEE2-7CC1A2A4E54B}.Debug|x64.ActiveCfg = Debug|Any CPU
		{7971748A-8148-485A-BEE2-7CC1A2A4E54B}.Debug|x64.Build.0 = Debug|Any CPU
		{7971748A-8148-485A-BEE2-7CC1A2A4E54B}.Debug|x86.ActiveCfg = Debug|Any CPU
		{7971748A-8148-485A-BEE2-7CC1A2A4E54B}.Release|Any CPU.ActiveCfg = Release|Any CPU
		{7971748A-8148-485A-BEE2-7CC1A2A4E54B}.Release|Any CPU.Build.0 = Release|Any CPU
		{7971748A-8148-485A-BEE2-7CC1A2A4E54B}.Release|Mixed Platforms.ActiveCfg = Release|Any CPU
		{7971748A-8148-485A-BEE2-7CC1A2A4E54B}.Release|Mixed Platforms.Build.0 = Release|Any CPU
		{7971748A-8148-485A-BEE2-7CC1A2A4E54B}.Release|x64.ActiveCfg = Release|Any CPU
		{7971748A-8148-485A-BEE2-7CC1A2A4E54B}.Release|x86.ActiveCfg = Release|Any CPU
	EndGlobalSection
	GlobalSection(SolutionProperties) = preSolution
		HideSolutionNode = FALSE
	EndGlobalSection
EndGlobal
